
Microsoft Visual Studio Solution File, Format Version 12.00
# Visual Studio Version 17
VisualStudioVersion = 17.8.34330.188
MinimumVisualStudioVersion = 10.0.40219.1
Project("{FAE04EC0-301F-11D3-BF4B-00C04F79EFBC}") = "WebCDA", "WebCDA\WebCDA.csproj", "{DEF0F4D1-DBD7-4E5E-AC32-92874B40A6EA}"
EndProject
Project("{2150E333-8FDC-42A3-9474-1A3956D46DE8}") = "DataAccessLayer", "DataAccessLayer", "{9C806E25-C863-4104-8FAF-9DA1F2479C14}"
EndProject
Project("{FAE04EC0-301F-11D3-BF4B-00C04F79EFBC}") = "ORM", "ORM\ORM.csproj", "{D9FD685F-77DB-45B9-A622-8C30D006A52F}"
EndProject
Project("{2150E333-8FDC-42A3-9474-1A3956D46DE8}") = "Domaine", "Domaine", "{15A5F3BE-21A3-4913-AF96-9DEE9F5AC85C}"
EndProject
Project("{FAE04EC0-301F-11D3-BF4B-00C04F79EFBC}") = "Models", "Models\Models.csproj", "{BBCA779A-4D21-4AA4-ADB0-0B6F7E264087}"
EndProject
Project("{FAE04EC0-301F-11D3-BF4B-00C04F79EFBC}") = "IDataRepository", "IDataRepository\IDataRepository.csproj", "{A49CC2CA-CD0D-4935-98C2-E4354156DC4C}"
EndProject
Project("{FAE04EC0-301F-11D3-BF4B-00C04F79EFBC}") = "DataRepository", "DataRepository\DataRepository.csproj", "{C0A200E4-9F3F-4831-9F2A-D800D5DDF0F6}"
EndProject
Project("{2150E333-8FDC-42A3-9474-1A3956D46DE8}") = "BusinessLayer", "BusinessLayer", "{1FDF513F-0415-4D3B-8E2D-966394923842}"
EndProject
Project("{FAE04EC0-301F-11D3-BF4B-00C04F79EFBC}") = "IBusinessLayer", "IBusinessLayer\IBusinessLayer.csproj", "{DA7F10D5-3EE3-4E9D-9F5B-4D1778654D73}"
EndProject
Project("{FAE04EC0-301F-11D3-BF4B-00C04F79EFBC}") = "BusinessLayer", "BusinessLayer\BusinessLayer.csproj", "{23B63E83-038E-4F88-AAA5-0A1B3291AB90}"
EndProject
Global
	GlobalSection(SolutionConfigurationPlatforms) = preSolution
		Debug|Any CPU = Debug|Any CPU
		Release|Any CPU = Release|Any CPU
	EndGlobalSection
	GlobalSection(ProjectConfigurationPlatforms) = postSolution
		{DEF0F4D1-DBD7-4E5E-AC32-92874B40A6EA}.Debug|Any CPU.ActiveCfg = Debug|Any CPU
		{DEF0F4D1-DBD7-4E5E-AC32-92874B40A6EA}.Debug|Any CPU.Build.0 = Debug|Any CPU
		{DEF0F4D1-DBD7-4E5E-AC32-92874B40A6EA}.Release|Any CPU.ActiveCfg = Release|Any CPU
		{DEF0F4D1-DBD7-4E5E-AC32-92874B40A6EA}.Release|Any CPU.Build.0 = Release|Any CPU
		{D9FD685F-77DB-45B9-A622-8C30D006A52F}.Debug|Any CPU.ActiveCfg = Debug|Any CPU
		{D9FD685F-77DB-45B9-A622-8C30D006A52F}.Debug|Any CPU.Build.0 = Debug|Any CPU
		{D9FD685F-77DB-45B9-A622-8C30D006A52F}.Release|Any CPU.ActiveCfg = Release|Any CPU
		{D9FD685F-77DB-45B9-A622-8C30D006A52F}.Release|Any CPU.Build.0 = Release|Any CPU
		{BBCA779A-4D21-4AA4-ADB0-0B6F7E264087}.Debug|Any CPU.ActiveCfg = Debug|Any CPU
		{BBCA779A-4D21-4AA4-ADB0-0B6F7E264087}.Debug|Any CPU.Build.0 = Debug|Any CPU
		{BBCA779A-4D21-4AA4-ADB0-0B6F7E264087}.Release|Any CPU.ActiveCfg = Release|Any CPU
		{BBCA779A-4D21-4AA4-ADB0-0B6F7E264087}.Release|Any CPU.Build.0 = Release|Any CPU
		{A49CC2CA-CD0D-4935-98C2-E4354156DC4C}.Debug|Any CPU.ActiveCfg = Debug|Any CPU
		{A49CC2CA-CD0D-4935-98C2-E4354156DC4C}.Debug|Any CPU.Build.0 = Debug|Any CPU
		{A49CC2CA-CD0D-4935-98C2-E4354156DC4C}.Release|Any CPU.ActiveCfg = Release|Any CPU
		{A49CC2CA-CD0D-4935-98C2-E4354156DC4C}.Release|Any CPU.Build.0 = Release|Any CPU
		{C0A200E4-9F3F-4831-9F2A-D800D5DDF0F6}.Debug|Any CPU.ActiveCfg = Debug|Any CPU
		{C0A200E4-9F3F-4831-9F2A-D800D5DDF0F6}.Debug|Any CPU.Build.0 = Debug|Any CPU
		{C0A200E4-9F3F-4831-9F2A-D800D5DDF0F6}.Release|Any CPU.ActiveCfg = Release|Any CPU
		{C0A200E4-9F3F-4831-9F2A-D800D5DDF0F6}.Release|Any CPU.Build.0 = Release|Any CPU
		{DA7F10D5-3EE3-4E9D-9F5B-4D1778654D73}.Debug|Any CPU.ActiveCfg = Debug|Any CPU
		{DA7F10D5-3EE3-4E9D-9F5B-4D1778654D73}.Debug|Any CPU.Build.0 = Debug|Any CPU
		{DA7F10D5-3EE3-4E9D-9F5B-4D1778654D73}.Release|Any CPU.ActiveCfg = Release|Any CPU
		{DA7F10D5-3EE3-4E9D-9F5B-4D1778654D73}.Release|Any CPU.Build.0 = Release|Any CPU
		{23B63E83-038E-4F88-AAA5-0A1B3291AB90}.Debug|Any CPU.ActiveCfg = Debug|Any CPU
		{23B63E83-038E-4F88-AAA5-0A1B3291AB90}.Debug|Any CPU.Build.0 = Debug|Any CPU
		{23B63E83-038E-4F88-AAA5-0A1B3291AB90}.Release|Any CPU.ActiveCfg = Release|Any CPU
		{23B63E83-038E-4F88-AAA5-0A1B3291AB90}.Release|Any CPU.Build.0 = Release|Any CPU
	EndGlobalSection
	GlobalSection(SolutionProperties) = preSolution
		HideSolutionNode = FALSE
	EndGlobalSection
	GlobalSection(NestedProjects) = preSolution
		{D9FD685F-77DB-45B9-A622-8C30D006A52F} = {9C806E25-C863-4104-8FAF-9DA1F2479C14}
		{BBCA779A-4D21-4AA4-ADB0-0B6F7E264087} = {15A5F3BE-21A3-4913-AF96-9DEE9F5AC85C}
		{A49CC2CA-CD0D-4935-98C2-E4354156DC4C} = {9C806E25-C863-4104-8FAF-9DA1F2479C14}
		{C0A200E4-9F3F-4831-9F2A-D800D5DDF0F6} = {9C806E25-C863-4104-8FAF-9DA1F2479C14}
		{DA7F10D5-3EE3-4E9D-9F5B-4D1778654D73} = {1FDF513F-0415-4D3B-8E2D-966394923842}
		{23B63E83-038E-4F88-AAA5-0A1B3291AB90} = {1FDF513F-0415-4D3B-8E2D-966394923842}
	EndGlobalSection
	GlobalSection(ExtensibilityGlobals) = postSolution
		SolutionGuid = {AA70D17C-0F6E-47F3-B4A9-6D8490D70358}
	EndGlobalSection
EndGlobal
